
Microsoft Visual Studio Solution File, Format Version 12.00
# Visual Studio Version 17
VisualStudioVersion = 17.4.33213.308
MinimumVisualStudioVersion = 10.0.40219.1
Project("{FAE04EC0-301F-11D3-BF4B-00C04F79EFBC}") = "WebAPI_TP", "WebAPI_TP\WebAPI_TP.csproj", "{5D21B4AD-1AA6-4B41-948B-CBE51D2D5915}"
EndProject
Global
	GlobalSection(SolutionConfigurationPlatforms) = preSolution
		Debug|Any CPU = Debug|Any CPU
		Release|Any CPU = Release|Any CPU
	EndGlobalSection
	GlobalSection(ProjectConfigurationPlatforms) = postSolution
		{5D21B4AD-1AA6-4B41-948B-CBE51D2D5915}.Debug|Any CPU.ActiveCfg = Debug|Any CPU
		{5D21B4AD-1AA6-4B41-948B-CBE51D2D5915}.Debug|Any CPU.Build.0 = Debug|Any CPU
		{5D21B4AD-1AA6-4B41-948B-CBE51D2D5915}.Release|Any CPU.ActiveCfg = Release|Any CPU
		{5D21B4AD-1AA6-4B41-948B-CBE51D2D5915}.Release|Any CPU.Build.0 = Release|Any CPU
	EndGlobalSection
	GlobalSection(SolutionProperties) = preSolution
		HideSolutionNode = FALSE
	EndGlobalSection
	GlobalSection(ExtensibilityGlobals) = postSolution
		SolutionGuid = {4870F5F0-6964-410B-A801-31A4B9FD661B}
	EndGlobalSection
EndGlobal
